
Microsoft Visual Studio Solution File, Format Version 12.00
Project("{FAE04EC0-301F-11D3-BF4B-00C04F79EFBC}") = "Bac2Q2Threads", "Bac2Q2Threads\Bac2Q2Threads.csproj", "{43A1A7D2-0A77-47E0-A7C8-4B156C26BD93}"
EndProject
Global
	GlobalSection(SolutionConfigurationPlatforms) = preSolution
		Debug|Any CPU = Debug|Any CPU
		Release|Any CPU = Release|Any CPU
	EndGlobalSection
	GlobalSection(ProjectConfigurationPlatforms) = postSolution
		{43A1A7D2-0A77-47E0-A7C8-4B156C26BD93}.Debug|Any CPU.ActiveCfg = Debug|Any CPU
		{43A1A7D2-0A77-47E0-A7C8-4B156C26BD93}.Debug|Any CPU.Build.0 = Debug|Any CPU
		{43A1A7D2-0A77-47E0-A7C8-4B156C26BD93}.Release|Any CPU.ActiveCfg = Release|Any CPU
		{43A1A7D2-0A77-47E0-A7C8-4B156C26BD93}.Release|Any CPU.Build.0 = Release|Any CPU
	EndGlobalSection
EndGlobal
